{
  "name": "ble-node",
  "lockfileVersion": 3,
  "requires": true,
  "packages": {
    "": {
      "dependencies": {
        "ble-host": "^1.0.3",
        "onoff": "^6.0.3"
      }
    },
    "node_modules/bindings": {
      "version": "1.5.0",
      "resolved": "https://registry.npmjs.org/bindings/-/bindings-1.5.0.tgz",
      "integrity": "sha512-p2q/t/mhvuOj/UeLlV6566GD/guowlr0hHxClI0W9m7MWYkL1F0hLo+0Aexs9HSPCtR1SXQ0TD3MMKrXZajbiQ==",
      "dependencies": {
        "file-uri-to-path": "1.0.0"
      }
    },
    "node_modules/ble-host": {
      "version": "1.0.3",
      "resolved": "https://registry.npmjs.org/ble-host/-/ble-host-1.0.3.tgz",
      "integrity": "sha512-DBKWrz2dCQzHS4HnPd8pNaXACQpcIN51JmZtuEnmW9dkS0RkM9Jbfu5JyLcr5Iie+9SHvZsCmvG3jHaVAlcxrQ==",
      "optionalDependencies": {
        "hci-socket": "^1.0.0"
      }
    },
    "node_modules/epoll": {
      "version": "4.0.2",
      "resolved": "https://registry.npmjs.org/epoll/-/epoll-4.0.2.tgz",
      "integrity": "sha512-4KtBBSBYAfyta2/4TIFT4P7pZdDjU6UPvdzWcF4Fy6Q300V08Wdj/82ovAZBUDra6TTjsKsfy12Qxuwc3ob+Qw==",
      "hasInstallScript": true,
      "dependencies": {
        "bindings": "^1.5.0",
        "nan": "^2.17.0"
      },
      "engines": {
        "node": ">=10.0.0"
      }
    },
    "node_modules/file-uri-to-path": {
      "version": "1.0.0",
      "resolved": "https://registry.npmjs.org/file-uri-to-path/-/file-uri-to-path-1.0.0.tgz",
      "integrity": "sha512-0Zt+s3L7Vf1biwWZ29aARiVYLx7iMGnEUl9x33fbB/j3jR81u/O2LbqK+Bm1CDSNDKVtJ/YjwY7TUd5SkeLQLw=="
    },
    "node_modules/hci-socket": {
      "version": "1.0.0",
      "resolved": "https://registry.npmjs.org/hci-socket/-/hci-socket-1.0.0.tgz",
      "integrity": "sha512-gD75SHbPsi9h3671I9u0cWv4Tkbl38eiYrmPnG22eNuPnd7DEbn0QAYJFWVVldx/XhW9Wb7sE3f8+ZlQcYTfWA==",
      "hasInstallScript": true,
      "optional": true,
      "os": [
        "linux"
      ],
      "dependencies": {
        "bindings": "~1.5.0",
        "node-addon-api": "^3.0.0"
      }
    },
    "node_modules/lodash.debounce": {
      "version": "4.0.8",
      "resolved": "https://registry.npmjs.org/lodash.debounce/-/lodash.debounce-4.0.8.tgz",
      "integrity": "sha512-FT1yDzDYEoYWhnSGnpE/4Kj1fLZkDFyqRb7fNt6FdYOSxlUWAtp42Eh6Wb0rGIv/m9Bgo7x4GhQbm5Ys4SG5ow=="
    },
    "node_modules/nan": {
      "version": "2.19.0",
      "resolved": "https://registry.npmjs.org/nan/-/nan-2.19.0.tgz",
      "integrity": "sha512-nO1xXxfh/RWNxfd/XPfbIfFk5vgLsAxUR9y5O0cHMJu/AW9U95JLXqthYHjEp+8gQ5p96K9jUp8nbVOxCdRbtw=="
    },
    "node_modules/node-addon-api": {
      "version": "3.2.1",
      "resolved": "https://registry.npmjs.org/node-addon-api/-/node-addon-api-3.2.1.tgz",
      "integrity": "sha512-mmcei9JghVNDYydghQmeDX8KoAm0FAiYyIcUt/N4nhyAipB17pllZQDOJD2fotxABnt4Mdz+dKTO7eftLg4d0A==",
      "optional": true
    },
    "node_modules/onoff": {
      "version": "6.0.3",
      "resolved": "https://registry.npmjs.org/onoff/-/onoff-6.0.3.tgz",
      "integrity": "sha512-xtVlwRDzswYM69bzzIui/qzu7QHsFnjsQiCV1iYVA/HXt5xdc9utc97SYAlXzK8wAhIN7+H7MaVqh2vpfdKk9A==",
      "dependencies": {
        "epoll": "^4.0.1",
        "lodash.debounce": "^4.0.8"
      },
      "engines": {
        "node": ">=10.0.0"
      }
    }
  }
}
